github.com/go-sql-driver/mysql v1.6.0 h1:BCTh4TKNUYmOmMUcQ3IipzF5prigylS7XXjEkfCHuOE=
github.com/go-sql-driver/mysql v1.6.0/go.mod h1:DCzpHaOWr8IXmIStZouvnhqoel9Qv2LBy8hT2VhHyBg=
github.com/golang-jwt/jwt v3.2.2+incompatible h1:IfV12K8xAKAnZqdXVzCZ+TOjboZ2keLg81eXfW3O+oY=
github.com/golang-jwt/jwt v3.2.2+incompatible/go.mod h1:8pz2t5EyA70fFQQSrl6XZXzqecmYZeUEB8OUGHkxJ+I=
github.com/google/uuid v1.3.0 h1:t6JiXgmwXMjEs8VusXIJk2BXHsn+wx8BZdTaoZ5fu7I=
github.com/google/uuid v1.3.0/go.mod h1:TIyPZe4MgqvfeYDBFedMoGGpEw/LqOeaOT+nhxU+yHo=
go.neonxp.dev/jsonrpc2 v1.2.0 h1:MSelMX2i3+NiY1SD/eeUgDANmom6vU3egm1gUlqvaKY=
go.neonxp.dev/jsonrpc2 v1.2.0/go.mod h1:xGiFcKIvOdoizfAnATCgJTyJRvLbQx9DDMd6w+7F2o0=
golang.org/x/sync v0.0.0-20220929204114-8fcdb60fdcc0 h1:cu5kTvlzcw1Q5S9f5ip1/cpiB4nXvw1XYzFPGgzLUOY=
golang.org/x/sync v0.0.0-20220929204114-8fcdb60fdcc0/go.mod h1:RxMgew5VJxzue5/jJTE5uejpjVlOe/izrB70Jof72aM=
